// !$*UTF8*$!
{
	archiveVersion = 1;
	classes = {
	};
	objectVersion = 51;
	objects = {

/* Begin PBXBuildFile section */
		3B1783AEEBF94F9C1A4D00C3 /* Pods_UAFRoadNode.framework in Frameworks */ = {isa = PBXBuildFile; fileRef = C025671108B7E27663761F95 /* Pods_UAFRoadNode.framework */; };
		8A7271B22404C7B8002DB500 /* CoreLocation.framework in Frameworks */ = {isa = PBXBuildFile; fileRef = 8A7271622404616E002DB500 /* CoreLocation.framework */; };
		8A7271DB2404F91B002DB500 /* showMap.swift in Sources */ = {isa = PBXBuildFile; fileRef = 8A7271DA2404F91B002DB500 /* showMap.swift */; };
		8A740CAD242E8C2100A5436A /* SceneDelegate.swift in Sources */ = {isa = PBXBuildFile; fileRef = 8A740CAC242E8C2100A5436A /* SceneDelegate.swift */; };
		8A740CAF242E8DC700A5436A /* Main.storyboard in Resources */ = {isa = PBXBuildFile; fileRef = 8A740CAE242E8DC700A5436A /* Main.storyboard */; };
		8A740CB3242E8FA200A5436A /* AppDelegate.swift in Sources */ = {isa = PBXBuildFile; fileRef = 8A740CB2242E8FA200A5436A /* AppDelegate.swift */; };
		8AB4881B243AACE40049796B /* importFiles.swift in Sources */ = {isa = PBXBuildFile; fileRef = 8AB4881A243AACE40049796B /* importFiles.swift */; };
		8AB7879423F28D58007F8018 /* Podfile in Resources */ = {isa = PBXBuildFile; fileRef = 8AB7879323F28D58007F8018 /* Podfile */; };
		B516E005244BFFB300065399 /* CreateValueType.swift in Sources */ = {isa = PBXBuildFile; fileRef = B516E004244BFFB300065399 /* CreateValueType.swift */; };
		B59E5B09244BCD0F00A2FD2E /* newLayerTypeViewController.swift in Sources */ = {isa = PBXBuildFile; fileRef = B59E5B08244BCD0F00A2FD2E /* newLayerTypeViewController.swift */; };
		B5C7472823F2897D00B16C2B /* ViewController.swift in Sources */ = {isa = PBXBuildFile; fileRef = B5C7472723F2897D00B16C2B /* ViewController.swift */; };
		B5C7472D23F2897E00B16C2B /* Assets.xcassets in Resources */ = {isa = PBXBuildFile; fileRef = B5C7472C23F2897E00B16C2B /* Assets.xcassets */; };
		B5C7473023F2897E00B16C2B /* LaunchScreen.storyboard in Resources */ = {isa = PBXBuildFile; fileRef = B5C7472E23F2897E00B16C2B /* LaunchScreen.storyboard */; };
		B5C7473B23F2897E00B16C2B /* UAFRoadNodeTests.swift in Sources */ = {isa = PBXBuildFile; fileRef = B5C7473A23F2897E00B16C2B /* UAFRoadNodeTests.swift */; };
		B5C7474623F2897E00B16C2B /* UAFRoadNodeUITests.swift in Sources */ = {isa = PBXBuildFile; fileRef = B5C7474523F2897E00B16C2B /* UAFRoadNodeUITests.swift */; };
		B5F4652A243C0583008D7190 /* libsqlite3.tbd in Frameworks */ = {isa = PBXBuildFile; fileRef = B5F46529243C055B008D7190 /* libsqlite3.tbd */; };
		B5F46538243D86F7008D7190 /* DBManager.swift in Sources */ = {isa = PBXBuildFile; fileRef = B5F46537243D86F7008D7190 /* DBManager.swift */; };
		B5F4655D243FBE86008D7190 /* FMResultSet.m in Sources */ = {isa = PBXBuildFile; fileRef = B5F46553243FBE85008D7190 /* FMResultSet.m */; };
		B5F4655E243FBE86008D7190 /* FMDatabasePool.m in Sources */ = {isa = PBXBuildFile; fileRef = B5F46555243FBE85008D7190 /* FMDatabasePool.m */; };
		B5F4655F243FBE86008D7190 /* FMDatabaseAdditions.m in Sources */ = {isa = PBXBuildFile; fileRef = B5F46556243FBE85008D7190 /* FMDatabaseAdditions.m */; };
		B5F46560243FBE86008D7190 /* FMDatabase.m in Sources */ = {isa = PBXBuildFile; fileRef = B5F4655A243FBE85008D7190 /* FMDatabase.m */; };
		B5F46561243FBE86008D7190 /* FMDatabaseQueue.m in Sources */ = {isa = PBXBuildFile; fileRef = B5F4655B243FBE85008D7190 /* FMDatabaseQueue.m */; };
/* End PBXBuildFile section */

/* Begin PBXContainerItemProxy section */
		B5C7473723F2897E00B16C2B /* PBXContainerItemProxy */ = {
			isa = PBXContainerItemProxy;
			containerPortal = B5C7471A23F2897D00B16C2B /* Project object */;
			proxyType = 1;
			remoteGlobalIDString = B5C7472123F2897D00B16C2B;
			remoteInfo = UAFRoadNode;
		};
		B5C7474223F2897E00B16C2B /* PBXContainerItemProxy */ = {
			isa = PBXContainerItemProxy;
			containerPortal = B5C7471A23F2897D00B16C2B /* Project object */;
			proxyType = 1;
			remoteGlobalIDString = B5C7472123F2897D00B16C2B;
			remoteInfo = UAFRoadNode;
		};
/* End PBXContainerItemProxy section */

/* Begin PBXFileReference section */
		7E988F724906A2BD4DCB1762 /* Pods-UAFRoadNode.release.xcconfig */ = {isa = PBXFileReference; includeInIndex = 1; lastKnownFileType = text.xcconfig; name = "Pods-UAFRoadNode.release.xcconfig"; path = "Target Support Files/Pods-UAFRoadNode/Pods-UAFRoadNode.release.xcconfig"; sourceTree = "<group>"; };
		8A7271622404616E002DB500 /* CoreLocation.framework */ = {isa = PBXFileReference; lastKnownFileType = wrapper.framework; name = CoreLocation.framework; path = System/Library/Frameworks/CoreLocation.framework; sourceTree = SDKROOT; };
		8A7271DA2404F91B002DB500 /* showMap.swift */ = {isa = PBXFileReference; lastKnownFileType = sourcecode.swift; path = showMap.swift; sourceTree = "<group>"; };
		8A740CAC242E8C2100A5436A /* SceneDelegate.swift */ = {isa = PBXFileReference; fileEncoding = 4; lastKnownFileType = sourcecode.swift; path = SceneDelegate.swift; sourceTree = "<group>"; };
		8A740CAE242E8DC700A5436A /* Main.storyboard */ = {isa = PBXFileReference; fileEncoding = 4; lastKnownFileType = file.storyboard; path = Main.storyboard; sourceTree = "<group>"; };
		8A740CB2242E8FA200A5436A /* AppDelegate.swift */ = {isa = PBXFileReference; fileEncoding = 4; lastKnownFileType = sourcecode.swift; path = AppDelegate.swift; sourceTree = "<group>"; };
		8AB4881A243AACE40049796B /* importFiles.swift */ = {isa = PBXFileReference; lastKnownFileType = sourcecode.swift; path = importFiles.swift; sourceTree = "<group>"; };
		8AB7879323F28D58007F8018 /* Podfile */ = {isa = PBXFileReference; lastKnownFileType = text; path = Podfile; sourceTree = "<group>"; xcLanguageSpecificationIdentifier = xcode.lang.ruby; };
		B516E004244BFFB300065399 /* CreateValueType.swift */ = {isa = PBXFileReference; lastKnownFileType = sourcecode.swift; path = CreateValueType.swift; sourceTree = "<group>"; };
		B59E5B08244BCD0F00A2FD2E /* newLayerTypeViewController.swift */ = {isa = PBXFileReference; lastKnownFileType = sourcecode.swift; path = newLayerTypeViewController.swift; sourceTree = "<group>"; };
		B5C7472223F2897D00B16C2B /* UAFRoadNode.app */ = {isa = PBXFileReference; explicitFileType = wrapper.application; includeInIndex = 0; path = UAFRoadNode.app; sourceTree = BUILT_PRODUCTS_DIR; };
		B5C7472723F2897D00B16C2B /* ViewController.swift */ = {isa = PBXFileReference; lastKnownFileType = sourcecode.swift; path = ViewController.swift; sourceTree = "<group>"; };
		B5C7472C23F2897E00B16C2B /* Assets.xcassets */ = {isa = PBXFileReference; lastKnownFileType = folder.assetcatalog; path = Assets.xcassets; sourceTree = "<group>"; };
		B5C7472F23F2897E00B16C2B /* Base */ = {isa = PBXFileReference; lastKnownFileType = file.storyboard; name = Base; path = Base.lproj/LaunchScreen.storyboard; sourceTree = "<group>"; };
		B5C7473123F2897E00B16C2B /* Info.plist */ = {isa = PBXFileReference; lastKnownFileType = text.plist.xml; path = Info.plist; sourceTree = "<group>"; };
		B5C7473623F2897E00B16C2B /* UAFRoadNodeTests.xctest */ = {isa = PBXFileReference; explicitFileType = wrapper.cfbundle; includeInIndex = 0; path = UAFRoadNodeTests.xctest; sourceTree = BUILT_PRODUCTS_DIR; };
		B5C7473A23F2897E00B16C2B /* UAFRoadNodeTests.swift */ = {isa = PBXFileReference; lastKnownFileType = sourcecode.swift; path = UAFRoadNodeTests.swift; sourceTree = "<group>"; };
		B5C7473C23F2897E00B16C2B /* Info.plist */ = {isa = PBXFileReference; lastKnownFileType = text.plist.xml; path = Info.plist; sourceTree = "<group>"; };
		B5C7474123F2897E00B16C2B /* UAFRoadNodeUITests.xctest */ = {isa = PBXFileReference; explicitFileType = wrapper.cfbundle; includeInIndex = 0; path = UAFRoadNodeUITests.xctest; sourceTree = BUILT_PRODUCTS_DIR; };
		B5C7474523F2897E00B16C2B /* UAFRoadNodeUITests.swift */ = {isa = PBXFileReference; lastKnownFileType = sourcecode.swift; path = UAFRoadNodeUITests.swift; sourceTree = "<group>"; };
		B5C7474723F2897E00B16C2B /* Info.plist */ = {isa = PBXFileReference; lastKnownFileType = text.plist.xml; path = Info.plist; sourceTree = "<group>"; };
		B5F46529243C055B008D7190 /* libsqlite3.tbd */ = {isa = PBXFileReference; lastKnownFileType = "sourcecode.text-based-dylib-definition"; name = libsqlite3.tbd; path = usr/lib/libsqlite3.tbd; sourceTree = SDKROOT; };
		B5F4652B243C1994008D7190 /* UAFRoadNode-Bridging-Header.h */ = {isa = PBXFileReference; lastKnownFileType = sourcecode.c.h; path = "UAFRoadNode-Bridging-Header.h"; sourceTree = "<group>"; };
		B5F46537243D86F7008D7190 /* DBManager.swift */ = {isa = PBXFileReference; lastKnownFileType = sourcecode.swift; path = DBManager.swift; sourceTree = "<group>"; };
		B5F46552243FBE85008D7190 /* FMResultSet.h */ = {isa = PBXFileReference; fileEncoding = 4; lastKnownFileType = sourcecode.c.h; path = FMResultSet.h; sourceTree = "<group>"; };
		B5F46553243FBE85008D7190 /* FMResultSet.m */ = {isa = PBXFileReference; fileEncoding = 4; lastKnownFileType = sourcecode.c.objc; path = FMResultSet.m; sourceTree = "<group>"; };
		B5F46554243FBE85008D7190 /* FMDatabaseQueue.h */ = {isa = PBXFileReference; fileEncoding = 4; lastKnownFileType = sourcecode.c.h; path = FMDatabaseQueue.h; sourceTree = "<group>"; };
		B5F46555243FBE85008D7190 /* FMDatabasePool.m */ = {isa = PBXFileReference; fileEncoding = 4; lastKnownFileType = sourcecode.c.objc; path = FMDatabasePool.m; sourceTree = "<group>"; };
		B5F46556243FBE85008D7190 /* FMDatabaseAdditions.m */ = {isa = PBXFileReference; fileEncoding = 4; lastKnownFileType = sourcecode.c.objc; path = FMDatabaseAdditions.m; sourceTree = "<group>"; };
		B5F46557243FBE85008D7190 /* FMDatabase.h */ = {isa = PBXFileReference; fileEncoding = 4; lastKnownFileType = sourcecode.c.h; path = FMDatabase.h; sourceTree = "<group>"; };
		B5F46558243FBE85008D7190 /* FMDatabaseAdditions.h */ = {isa = PBXFileReference; fileEncoding = 4; lastKnownFileType = sourcecode.c.h; path = FMDatabaseAdditions.h; sourceTree = "<group>"; };
		B5F46559243FBE85008D7190 /* FMDatabasePool.h */ = {isa = PBXFileReference; fileEncoding = 4; lastKnownFileType = sourcecode.c.h; path = FMDatabasePool.h; sourceTree = "<group>"; };
		B5F4655A243FBE85008D7190 /* FMDatabase.m */ = {isa = PBXFileReference; fileEncoding = 4; lastKnownFileType = sourcecode.c.objc; path = FMDatabase.m; sourceTree = "<group>"; };
		B5F4655B243FBE85008D7190 /* FMDatabaseQueue.m */ = {isa = PBXFileReference; fileEncoding = 4; lastKnownFileType = sourcecode.c.objc; path = FMDatabaseQueue.m; sourceTree = "<group>"; };
		B5F4655C243FBE85008D7190 /* FMDB.h */ = {isa = PBXFileReference; fileEncoding = 4; lastKnownFileType = sourcecode.c.h; path = FMDB.h; sourceTree = "<group>"; };
		C025671108B7E27663761F95 /* Pods_UAFRoadNode.framework */ = {isa = PBXFileReference; explicitFileType = wrapper.framework; includeInIndex = 0; path = Pods_UAFRoadNode.framework; sourceTree = BUILT_PRODUCTS_DIR; };
		F523469EF1F0FC0297D5135F /* Pods-UAFRoadNode.debug.xcconfig */ = {isa = PBXFileReference; includeInIndex = 1; lastKnownFileType = text.xcconfig; name = "Pods-UAFRoadNode.debug.xcconfig"; path = "Target Support Files/Pods-UAFRoadNode/Pods-UAFRoadNode.debug.xcconfig"; sourceTree = "<group>"; };
/* End PBXFileReference section */

/* Begin PBXFrameworksBuildPhase section */
		B5C7471F23F2897D00B16C2B /* Frameworks */ = {
			isa = PBXFrameworksBuildPhase;
			buildActionMask = 2147483647;
			files = (
				B5F4652A243C0583008D7190 /* libsqlite3.tbd in Frameworks */,
				8A7271B22404C7B8002DB500 /* CoreLocation.framework in Frameworks */,
				3B1783AEEBF94F9C1A4D00C3 /* Pods_UAFRoadNode.framework in Frameworks */,
			);
			runOnlyForDeploymentPostprocessing = 0;
		};
		B5C7473323F2897E00B16C2B /* Frameworks */ = {
			isa = PBXFrameworksBuildPhase;
			buildActionMask = 2147483647;
			files = (
			);
			runOnlyForDeploymentPostprocessing = 0;
		};
		B5C7473E23F2897E00B16C2B /* Frameworks */ = {
			isa = PBXFrameworksBuildPhase;
			buildActionMask = 2147483647;
			files = (
			);
			runOnlyForDeploymentPostprocessing = 0;
		};
/* End PBXFrameworksBuildPhase section */

/* Begin PBXGroup section */
		1FE58306681A597EBFC2009C /* Frameworks */ = {
			isa = PBXGroup;
			children = (
				B5F46529243C055B008D7190 /* libsqlite3.tbd */,
				8A7271622404616E002DB500 /* CoreLocation.framework */,
				C025671108B7E27663761F95 /* Pods_UAFRoadNode.framework */,
			);
			name = Frameworks;
			sourceTree = "<group>";
		};
		4052644C51F3CDF01C8737F1 /* Pods */ = {
			isa = PBXGroup;
			children = (
				F523469EF1F0FC0297D5135F /* Pods-UAFRoadNode.debug.xcconfig */,
				7E988F724906A2BD4DCB1762 /* Pods-UAFRoadNode.release.xcconfig */,
			);
			path = Pods;
			sourceTree = "<group>";
		};
		B5C7471923F2897D00B16C2B = {
			isa = PBXGroup;
			children = (
				B5F46557243FBE85008D7190 /* FMDatabase.h */,
				B5F4655A243FBE85008D7190 /* FMDatabase.m */,
				B5F46558243FBE85008D7190 /* FMDatabaseAdditions.h */,
				B5F46556243FBE85008D7190 /* FMDatabaseAdditions.m */,
				B5F46559243FBE85008D7190 /* FMDatabasePool.h */,
				B5F46555243FBE85008D7190 /* FMDatabasePool.m */,
				B5F46554243FBE85008D7190 /* FMDatabaseQueue.h */,
				B5F4655B243FBE85008D7190 /* FMDatabaseQueue.m */,
				B5F4655C243FBE85008D7190 /* FMDB.h */,
				B5F46552243FBE85008D7190 /* FMResultSet.h */,
				B5F46553243FBE85008D7190 /* FMResultSet.m */,
				8AB7879323F28D58007F8018 /* Podfile */,
				B5C7472423F2897D00B16C2B /* UAFRoadNode */,
				B5C7473923F2897E00B16C2B /* UAFRoadNodeTests */,
				B5C7474423F2897E00B16C2B /* UAFRoadNodeUITests */,
				B5C7472323F2897D00B16C2B /* Products */,
				4052644C51F3CDF01C8737F1 /* Pods */,
				1FE58306681A597EBFC2009C /* Frameworks */,
			);
			sourceTree = "<group>";
		};
		B5C7472323F2897D00B16C2B /* Products */ = {
			isa = PBXGroup;
			children = (
				B5C7472223F2897D00B16C2B /* UAFRoadNode.app */,
				B5C7473623F2897E00B16C2B /* UAFRoadNodeTests.xctest */,
				B5C7474123F2897E00B16C2B /* UAFRoadNodeUITests.xctest */,
			);
			name = Products;
			sourceTree = "<group>";
		};
		B5C7472423F2897D00B16C2B /* UAFRoadNode */ = {
			isa = PBXGroup;
			children = (
				8A740CB2242E8FA200A5436A /* AppDelegate.swift */,
				8A740CAC242E8C2100A5436A /* SceneDelegate.swift */,
				B5C7472723F2897D00B16C2B /* ViewController.swift */,
				8A740CAE242E8DC700A5436A /* Main.storyboard */,
				B5C7472C23F2897E00B16C2B /* Assets.xcassets */,
				B5C7472E23F2897E00B16C2B /* LaunchScreen.storyboard */,
				B5C7473123F2897E00B16C2B /* Info.plist */,
				8A7271DA2404F91B002DB500 /* showMap.swift */,
				8AB4881A243AACE40049796B /* importFiles.swift */,
				B5F4652B243C1994008D7190 /* UAFRoadNode-Bridging-Header.h */,
				B5F46537243D86F7008D7190 /* DBManager.swift */,
				B59E5B08244BCD0F00A2FD2E /* newLayerTypeViewController.swift */,
				B516E004244BFFB300065399 /* CreateValueType.swift */,
			);
			path = UAFRoadNode;
			sourceTree = "<group>";
		};
		B5C7473923F2897E00B16C2B /* UAFRoadNodeTests */ = {
			isa = PBXGroup;
			children = (
				B5C7473A23F2897E00B16C2B /* UAFRoadNodeTests.swift */,
				B5C7473C23F2897E00B16C2B /* Info.plist */,
			);
			path = UAFRoadNodeTests;
			sourceTree = "<group>";
		};
		B5C7474423F2897E00B16C2B /* UAFRoadNodeUITests */ = {
			isa = PBXGroup;
			children = (
				B5C7474523F2897E00B16C2B /* UAFRoadNodeUITests.swift */,
				B5C7474723F2897E00B16C2B /* Info.plist */,
			);
			path = UAFRoadNodeUITests;
			sourceTree = "<group>";
		};
/* End PBXGroup section */

/* Begin PBXNativeTarget section */
		B5C7472123F2897D00B16C2B /* UAFRoadNode */ = {
			isa = PBXNativeTarget;
			buildConfigurationList = B5C7474A23F2897E00B16C2B /* Build configuration list for PBXNativeTarget "UAFRoadNode" */;
			buildPhases = (
				3C0A922A483ACF9C38BFD904 /* [CP] Check Pods Manifest.lock */,
				B5C7471E23F2897D00B16C2B /* Sources */,
				B5C7471F23F2897D00B16C2B /* Frameworks */,
				B5C7472023F2897D00B16C2B /* Resources */,
				9C473068CDDD550E13FB937E /* [CP] Copy Pods Resources */,
			);
			buildRules = (
			);
			dependencies = (
			);
			name = UAFRoadNode;
			productName = UAFRoadNode;
			productReference = B5C7472223F2897D00B16C2B /* UAFRoadNode.app */;
			productType = "com.apple.product-type.application";
		};
		B5C7473523F2897E00B16C2B /* UAFRoadNodeTests */ = {
			isa = PBXNativeTarget;
			buildConfigurationList = B5C7474D23F2897E00B16C2B /* Build configuration list for PBXNativeTarget "UAFRoadNodeTests" */;
			buildPhases = (
				B5C7473223F2897E00B16C2B /* Sources */,
				B5C7473323F2897E00B16C2B /* Frameworks */,
				B5C7473423F2897E00B16C2B /* Resources */,
			);
			buildRules = (
			);
			dependencies = (
				B5C7473823F2897E00B16C2B /* PBXTargetDependency */,
			);
			name = UAFRoadNodeTests;
			productName = UAFRoadNodeTests;
			productReference = B5C7473623F2897E00B16C2B /* UAFRoadNodeTests.xctest */;
			productType = "com.apple.product-type.bundle.unit-test";
		};
		B5C7474023F2897E00B16C2B /* UAFRoadNodeUITests */ = {
			isa = PBXNativeTarget;
			buildConfigurationList = B5C7475023F2897E00B16C2B /* Build configuration list for PBXNativeTarget "UAFRoadNodeUITests" */;
			buildPhases = (
				B5C7473D23F2897E00B16C2B /* Sources */,
				B5C7473E23F2897E00B16C2B /* Frameworks */,
				B5C7473F23F2897E00B16C2B /* Resources */,
			);
			buildRules = (
			);
			dependencies = (
				B5C7474323F2897E00B16C2B /* PBXTargetDependency */,
			);
			name = UAFRoadNodeUITests;
			productName = UAFRoadNodeUITests;
			productReference = B5C7474123F2897E00B16C2B /* UAFRoadNodeUITests.xctest */;
			productType = "com.apple.product-type.bundle.ui-testing";
		};
/* End PBXNativeTarget section */

/* Begin PBXProject section */
		B5C7471A23F2897D00B16C2B /* Project object */ = {
			isa = PBXProject;
			attributes = {
				LastSwiftUpdateCheck = 1020;
				LastUpgradeCheck = 1020;
				ORGANIZATIONNAME = UAFRoadNode;
				TargetAttributes = {
					B5C7472123F2897D00B16C2B = {
						CreatedOnToolsVersion = 10.2.1;
						LastSwiftMigration = 1130;
					};
					B5C7473523F2897E00B16C2B = {
						CreatedOnToolsVersion = 10.2.1;
						TestTargetID = B5C7472123F2897D00B16C2B;
					};
					B5C7474023F2897E00B16C2B = {
						CreatedOnToolsVersion = 10.2.1;
						TestTargetID = B5C7472123F2897D00B16C2B;
					};
				};
			};
			buildConfigurationList = B5C7471D23F2897D00B16C2B /* Build configuration list for PBXProject "UAFRoadNode" */;
			compatibilityVersion = "Xcode 9.3";
			developmentRegion = en;
			hasScannedForEncodings = 0;
			knownRegions = (
				en,
				Base,
			);
			mainGroup = B5C7471923F2897D00B16C2B;
			productRefGroup = B5C7472323F2897D00B16C2B /* Products */;
			projectDirPath = "";
			projectRoot = "";
			targets = (
				B5C7472123F2897D00B16C2B /* UAFRoadNode */,
				B5C7473523F2897E00B16C2B /* UAFRoadNodeTests */,
				B5C7474023F2897E00B16C2B /* UAFRoadNodeUITests */,
			);
		};
/* End PBXProject section */

/* Begin PBXResourcesBuildPhase section */
		B5C7472023F2897D00B16C2B /* Resources */ = {
			isa = PBXResourcesBuildPhase;
			buildActionMask = 2147483647;
			files = (
				B5C7473023F2897E00B16C2B /* LaunchScreen.storyboard in Resources */,
				B5C7472D23F2897E00B16C2B /* Assets.xcassets in Resources */,
				8AB7879423F28D58007F8018 /* Podfile in Resources */,
				8A740CAF242E8DC700A5436A /* Main.storyboard in Resources */,
			);
			runOnlyForDeploymentPostprocessing = 0;
		};
		B5C7473423F2897E00B16C2B /* Resources */ = {
			isa = PBXResourcesBuildPhase;
			buildActionMask = 2147483647;
			files = (
			);
			runOnlyForDeploymentPostprocessing = 0;
		};
		B5C7473F23F2897E00B16C2B /* Resources */ = {
			isa = PBXResourcesBuildPhase;
			buildActionMask = 2147483647;
			files = (
			);
			runOnlyForDeploymentPostprocessing = 0;
		};
/* End PBXResourcesBuildPhase section */

/* Begin PBXShellScriptBuildPhase section */
		3C0A922A483ACF9C38BFD904 /* [CP] Check Pods Manifest.lock */ = {
			isa = PBXShellScriptBuildPhase;
			buildActionMask = 2147483647;
			files = (
			);
			inputFileListPaths = (
			);
			inputPaths = (
				"${PODS_PODFILE_DIR_PATH}/Podfile.lock",
				"${PODS_ROOT}/Manifest.lock",
			);
			name = "[CP] Check Pods Manifest.lock";
			outputFileListPaths = (
			);
			outputPaths = (
				"$(DERIVED_FILE_DIR)/Pods-UAFRoadNode-checkManifestLockResult.txt",
			);
			runOnlyForDeploymentPostprocessing = 0;
			shellPath = /bin/sh;
			shellScript = "diff \"${PODS_PODFILE_DIR_PATH}/Podfile.lock\" \"${PODS_ROOT}/Manifest.lock\" > /dev/null\nif [ $? != 0 ] ; then\n    # print error to STDERR\n    echo \"error: The sandbox is not in sync with the Podfile.lock. Run 'pod install' or update your CocoaPods installation.\" >&2\n    exit 1\nfi\n# This output is used by Xcode 'outputs' to avoid re-running this script phase.\necho \"SUCCESS\" > \"${SCRIPT_OUTPUT_FILE_0}\"\n";
			showEnvVarsInLog = 0;
		};
		9C473068CDDD550E13FB937E /* [CP] Copy Pods Resources */ = {
			isa = PBXShellScriptBuildPhase;
			buildActionMask = 2147483647;
			files = (
			);
			inputFileListPaths = (
				"${PODS_ROOT}/Target Support Files/Pods-UAFRoadNode/Pods-UAFRoadNode-resources-${CONFIGURATION}-input-files.xcfilelist",
			);
			name = "[CP] Copy Pods Resources";
			outputFileListPaths = (
				"${PODS_ROOT}/Target Support Files/Pods-UAFRoadNode/Pods-UAFRoadNode-resources-${CONFIGURATION}-output-files.xcfilelist",
			);
			runOnlyForDeploymentPostprocessing = 0;
			shellPath = /bin/sh;
			shellScript = "\"${PODS_ROOT}/Target Support Files/Pods-UAFRoadNode/Pods-UAFRoadNode-resources.sh\"\n";
			showEnvVarsInLog = 0;
		};
/* End PBXShellScriptBuildPhase section */

/* Begin PBXSourcesBuildPhase section */
		B5C7471E23F2897D00B16C2B /* Sources */ = {
			isa = PBXSourcesBuildPhase;
			buildActionMask = 2147483647;
			files = (
				8A740CAD242E8C2100A5436A /* SceneDelegate.swift in Sources */,
				B5F46538243D86F7008D7190 /* DBManager.swift in Sources */,
				B5F4655D243FBE86008D7190 /* FMResultSet.m in Sources */,
				B5F46560243FBE86008D7190 /* FMDatabase.m in Sources */,
				B5C7472823F2897D00B16C2B /* ViewController.swift in Sources */,
				8AB4881B243AACE40049796B /* importFiles.swift in Sources */,
				B59E5B09244BCD0F00A2FD2E /* newLayerTypeViewController.swift in Sources */,
				B516E005244BFFB300065399 /* CreateValueType.swift in Sources */,
				B5F4655F243FBE86008D7190 /* FMDatabaseAdditions.m in Sources */,
				B5F4655E243FBE86008D7190 /* FMDatabasePool.m in Sources */,
				B5F46561243FBE86008D7190 /* FMDatabaseQueue.m in Sources */,
				8A740CB3242E8FA200A5436A /* AppDelegate.swift in Sources */,
				8A7271DB2404F91B002DB500 /* showMap.swift in Sources */,
			);
			runOnlyForDeploymentPostprocessing = 0;
		};
		B5C7473223F2897E00B16C2B /* Sources */ = {
			isa = PBXSourcesBuildPhase;
			buildActionMask = 2147483647;
			files = (
				B5C7473B23F2897E00B16C2B /* UAFRoadNodeTests.swift in Sources */,
			);
			runOnlyForDeploymentPostprocessing = 0;
		};
		B5C7473D23F2897E00B16C2B /* Sources */ = {
			isa = PBXSourcesBuildPhase;
			buildActionMask = 2147483647;
			files = (
				B5C7474623F2897E00B16C2B /* UAFRoadNodeUITests.swift in Sources */,
			);
			runOnlyForDeploymentPostprocessing = 0;
		};
/* End PBXSourcesBuildPhase section */

/* Begin PBXTargetDependency section */
		B5C7473823F2897E00B16C2B /* PBXTargetDependency */ = {
			isa = PBXTargetDependency;
			target = B5C7472123F2897D00B16C2B /* UAFRoadNode */;
			targetProxy = B5C7473723F2897E00B16C2B /* PBXContainerItemProxy */;
		};
		B5C7474323F2897E00B16C2B /* PBXTargetDependency */ = {
			isa = PBXTargetDependency;
			target = B5C7472123F2897D00B16C2B /* UAFRoadNode */;
			targetProxy = B5C7474223F2897E00B16C2B /* PBXContainerItemProxy */;
		};
/* End PBXTargetDependency section */

/* Begin PBXVariantGroup section */
		B5C7472E23F2897E00B16C2B /* LaunchScreen.storyboard */ = {
			isa = PBXVariantGroup;
			children = (
				B5C7472F23F2897E00B16C2B /* Base */,
			);
			name = LaunchScreen.storyboard;
			sourceTree = "<group>";
		};
/* End PBXVariantGroup section */

/* Begin XCBuildConfiguration section */
		B5C7474823F2897E00B16C2B /* Debug */ = {
			isa = XCBuildConfiguration;
			buildSettings = {
				ALWAYS_SEARCH_USER_PATHS = NO;
				CLANG_ANALYZER_NONNULL = YES;
				CLANG_ANALYZER_NUMBER_OBJECT_CONVERSION = YES_AGGRESSIVE;
				CLANG_CXX_LANGUAGE_STANDARD = "gnu++14";
				CLANG_CXX_LIBRARY = "libc++";
				CLANG_ENABLE_MODULES = YES;
				CLANG_ENABLE_OBJC_ARC = YES;
				CLANG_ENABLE_OBJC_WEAK = YES;
				CLANG_WARN_BLOCK_CAPTURE_AUTORELEASING = YES;
				CLANG_WARN_BOOL_CONVERSION = YES;
				CLANG_WARN_COMMA = YES;
				CLANG_WARN_CONSTANT_CONVERSION = YES;
				CLANG_WARN_DEPRECATED_OBJC_IMPLEMENTATIONS = YES;
				CLANG_WARN_DIRECT_OBJC_ISA_USAGE = YES_ERROR;
				CLANG_WARN_DOCUMENTATION_COMMENTS = YES;
				CLANG_WARN_EMPTY_BODY = YES;
				CLANG_WARN_ENUM_CONVERSION = YES;
				CLANG_WARN_INFINITE_RECURSION = YES;
				CLANG_WARN_INT_CONVERSION = YES;
				CLANG_WARN_NON_LITERAL_NULL_CONVERSION = YES;
				CLANG_WARN_OBJC_IMPLICIT_RETAIN_SELF = YES;
				CLANG_WARN_OBJC_LITERAL_CONVERSION = YES;
				CLANG_WARN_OBJC_ROOT_CLASS = YES_ERROR;
				CLANG_WARN_RANGE_LOOP_ANALYSIS = YES;
				CLANG_WARN_STRICT_PROTOTYPES = YES;
				CLANG_WARN_SUSPICIOUS_MOVE = YES;
				CLANG_WARN_UNGUARDED_AVAILABILITY = YES_AGGRESSIVE;
				CLANG_WARN_UNREACHABLE_CODE = YES;
				CLANG_WARN__DUPLICATE_METHOD_MATCH = YES;
				CODE_SIGN_IDENTITY = "iPhone Developer";
				COPY_PHASE_STRIP = NO;
				DEBUG_INFORMATION_FORMAT = dwarf;
				ENABLE_STRICT_OBJC_MSGSEND = YES;
				ENABLE_TESTABILITY = YES;
				GCC_C_LANGUAGE_STANDARD = gnu11;
				GCC_DYNAMIC_NO_PIC = NO;
				GCC_NO_COMMON_BLOCKS = YES;
				GCC_OPTIMIZATION_LEVEL = 0;
				GCC_PREPROCESSOR_DEFINITIONS = (
					"DEBUG=1",
					"$(inherited)",
				);
				GCC_WARN_64_TO_32_BIT_CONVERSION = YES;
				GCC_WARN_ABOUT_RETURN_TYPE = YES_ERROR;
				GCC_WARN_UNDECLARED_SELECTOR = YES;
				GCC_WARN_UNINITIALIZED_AUTOS = YES_AGGRESSIVE;
				GCC_WARN_UNUSED_FUNCTION = YES;
				GCC_WARN_UNUSED_VARIABLE = YES;
				IPHONEOS_DEPLOYMENT_TARGET = 13.0;
				MTL_ENABLE_DEBUG_INFO = INCLUDE_SOURCE;
				MTL_FAST_MATH = YES;
				ONLY_ACTIVE_ARCH = YES;
				SDKROOT = iphoneos;
				SWIFT_ACTIVE_COMPILATION_CONDITIONS = DEBUG;
				SWIFT_OPTIMIZATION_LEVEL = "-Onone";
			};
			name = Debug;
		};
		B5C7474923F2897E00B16C2B /* Release */ = {
			isa = XCBuildConfiguration;
			buildSettings = {
				ALWAYS_SEARCH_USER_PATHS = NO;
				CLANG_ANALYZER_NONNULL = YES;
				CLANG_ANALYZER_NUMBER_OBJECT_CONVERSION = YES_AGGRESSIVE;
				CLANG_CXX_LANGUAGE_STANDARD = "gnu++14";
				CLANG_CXX_LIBRARY = "libc++";
				CLANG_ENABLE_MODULES = YES;
				CLANG_ENABLE_OBJC_ARC = YES;
				CLANG_ENABLE_OBJC_WEAK = YES;
				CLANG_WARN_BLOCK_CAPTURE_AUTORELEASING = YES;
				CLANG_WARN_BOOL_CONVERSION = YES;
				CLANG_WARN_COMMA = YES;
				CLANG_WARN_CONSTANT_CONVERSION = YES;
				CLANG_WARN_DEPRECATED_OBJC_IMPLEMENTATIONS = YES;
				CLANG_WARN_DIRECT_OBJC_ISA_USAGE = YES_ERROR;
				CLANG_WARN_DOCUMENTATION_COMMENTS = YES;
				CLANG_WARN_EMPTY_BODY = YES;
				CLANG_WARN_ENUM_CONVERSION = YES;
				CLANG_WARN_INFINITE_RECURSION = YES;
				CLANG_WARN_INT_CONVERSION = YES;
				CLANG_WARN_NON_LITERAL_NULL_CONVERSION = YES;
				CLANG_WARN_OBJC_IMPLICIT_RETAIN_SELF = YES;
				CLANG_WARN_OBJC_LITERAL_CONVERSION = YES;
				CLANG_WARN_OBJC_ROOT_CLASS = YES_ERROR;
				CLANG_WARN_RANGE_LOOP_ANALYSIS = YES;
				CLANG_WARN_STRICT_PROTOTYPES = YES;
				CLANG_WARN_SUSPICIOUS_MOVE = YES;
				CLANG_WARN_UNGUARDED_AVAILABILITY = YES_AGGRESSIVE;
				CLANG_WARN_UNREACHABLE_CODE = YES;
				CLANG_WARN__DUPLICATE_METHOD_MATCH = YES;
				CODE_SIGN_IDENTITY = "iPhone Developer";
				COPY_PHASE_STRIP = NO;
				DEBUG_INFORMATION_FORMAT = "dwarf-with-dsym";
				ENABLE_NS_ASSERTIONS = NO;
				ENABLE_STRICT_OBJC_MSGSEND = YES;
				GCC_C_LANGUAGE_STANDARD = gnu11;
				GCC_NO_COMMON_BLOCKS = YES;
				GCC_WARN_64_TO_32_BIT_CONVERSION = YES;
				GCC_WARN_ABOUT_RETURN_TYPE = YES_ERROR;
				GCC_WARN_UNDECLARED_SELECTOR = YES;
				GCC_WARN_UNINITIALIZED_AUTOS = YES_AGGRESSIVE;
				GCC_WARN_UNUSED_FUNCTION = YES;
				GCC_WARN_UNUSED_VARIABLE = YES;
				IPHONEOS_DEPLOYMENT_TARGET = 13.0;
				MTL_ENABLE_DEBUG_INFO = NO;
				MTL_FAST_MATH = YES;
				SDKROOT = iphoneos;
				SWIFT_COMPILATION_MODE = wholemodule;
				SWIFT_OPTIMIZATION_LEVEL = "-O";
				VALIDATE_PRODUCT = YES;
			};
			name = Release;
		};
		B5C7474B23F2897E00B16C2B /* Debug */ = {
			isa = XCBuildConfiguration;
			baseConfigurationReference = F523469EF1F0FC0297D5135F /* Pods-UAFRoadNode.debug.xcconfig */;
			buildSettings = {
				ASSETCATALOG_COMPILER_APPICON_NAME = AppIcon;
				CLANG_ENABLE_MODULES = YES;
				CODE_SIGN_STYLE = Automatic;
				DEVELOPMENT_TEAM = 87H9X2M3TR;
				INFOPLIST_FILE = UAFRoadNode/Info.plist;
				IPHONEOS_DEPLOYMENT_TARGET = 13.0;
				LD_RUNPATH_SEARCH_PATHS = (
					"$(inherited)",
					"@executable_path/Frameworks",
				);
				PRODUCT_BUNDLE_IDENTIFIER = UAFRoadNode.UAFRoadNode;
				PRODUCT_NAME = "$(TARGET_NAME)";
				SWIFT_OBJC_BRIDGING_HEADER = "UAFRoadNode/UAFRoadNode-Bridging-Header.h";
				SWIFT_OPTIMIZATION_LEVEL = "-Onone";
				SWIFT_VERSION = 5.0;
				TARGETED_DEVICE_FAMILY = "1,2";
			};
			name = Debug;
		};
		B5C7474C23F2897E00B16C2B /* Release */ = {
			isa = XCBuildConfiguration;
			baseConfigurationReference = 7E988F724906A2BD4DCB1762 /* Pods-UAFRoadNode.release.xcconfig */;
			buildSettings = {
				ASSETCATALOG_COMPILER_APPICON_NAME = AppIcon;
				CLANG_ENABLE_MODULES = YES;
				CODE_SIGN_STYLE = Automatic;
				DEVELOPMENT_TEAM = 87H9X2M3TR;
				INFOPLIST_FILE = UAFRoadNode/Info.plist;
				IPHONEOS_DEPLOYMENT_TARGET = 13.0;
				LD_RUNPATH_SEARCH_PATHS = (
					"$(inherited)",
					"@executable_path/Frameworks",
				);
				PRODUCT_BUNDLE_IDENTIFIER = UAFRoadNode.UAFRoadNode;
				PRODUCT_NAME = "$(TARGET_NAME)";
				SWIFT_OBJC_BRIDGING_HEADER = "UAFRoadNode/UAFRoadNode-Bridging-Header.h";
				SWIFT_VERSION = 5.0;
				TARGETED_DEVICE_FAMILY = "1,2";
			};
			name = Release;
		};
		B5C7474E23F2897E00B16C2B /* Debug */ = {
			isa = XCBuildConfiguration;
			buildSettings = {
				ALWAYS_EMBED_SWIFT_STANDARD_LIBRARIES = YES;
				BUNDLE_LOADER = "$(TEST_HOST)";
				CODE_SIGN_IDENTITY = "Apple Development";
				"CODE_SIGN_IDENTITY[sdk=macosx*]" = "-";
				CODE_SIGN_STYLE = Automatic;
				DEVELOPMENT_TEAM = 87H9X2M3TR;
				INFOPLIST_FILE = UAFRoadNodeTests/Info.plist;
				LD_RUNPATH_SEARCH_PATHS = (
					"$(inherited)",
					"@executable_path/Frameworks",
					"@loader_path/Frameworks",
				);
				PRODUCT_BUNDLE_IDENTIFIER = UAFRoadNode.UAFRoadNodeTests;
				PRODUCT_NAME = "$(TARGET_NAME)";
				PROVISIONING_PROFILE_SPECIFIER = "";
				"PROVISIONING_PROFILE_SPECIFIER[sdk=macosx*]" = "";
				SWIFT_VERSION = 5.0;
				TARGETED_DEVICE_FAMILY = "1,2";
				TEST_HOST = "$(BUILT_PRODUCTS_DIR)/UAFRoadNode.app/UAFRoadNode";
			};
			name = Debug;
		};
		B5C7474F23F2897E00B16C2B /* Release */ = {
			isa = XCBuildConfiguration;
			buildSettings = {
				ALWAYS_EMBED_SWIFT_STANDARD_LIBRARIES = YES;
				BUNDLE_LOADER = "$(TEST_HOST)";
				CODE_SIGN_IDENTITY = "Apple Development";
				"CODE_SIGN_IDENTITY[sdk=macosx*]" = "-";
				CODE_SIGN_STYLE = Automatic;
				DEVELOPMENT_TEAM = 87H9X2M3TR;
				INFOPLIST_FILE = UAFRoadNodeTests/Info.plist;
				LD_RUNPATH_SEARCH_PATHS = (
					"$(inherited)",
					"@executable_path/Frameworks",
					"@loader_path/Frameworks",
				);
				PRODUCT_BUNDLE_IDENTIFIER = UAFRoadNode.UAFRoadNodeTests;
				PRODUCT_NAME = "$(TARGET_NAME)";
				PROVISIONING_PROFILE_SPECIFIER = "";
				"PROVISIONING_PROFILE_SPECIFIER[sdk=macosx*]" = "";
				SWIFT_VERSION = 5.0;
				TARGETED_DEVICE_FAMILY = "1,2";
				TEST_HOST = "$(BUILT_PRODUCTS_DIR)/UAFRoadNode.app/UAFRoadNode";
			};
			name = Release;
		};
		B5C7475123F2897E00B16C2B /* Debug */ = {
			isa = XCBuildConfiguration;
			buildSettings = {
				ALWAYS_EMBED_SWIFT_STANDARD_LIBRARIES = YES;
				CODE_SIGN_STYLE = Automatic;
				DEVELOPMENT_TEAM = 87H9X2M3TR;
				INFOPLIST_FILE = UAFRoadNodeUITests/Info.plist;
				LD_RUNPATH_SEARCH_PATHS = (
					"$(inherited)",
					"@executable_path/Frameworks",
					"@loader_path/Frameworks",
				);
				PRODUCT_BUNDLE_IDENTIFIER = UAFRoadNode.UAFRoadNodeUITests;
				PRODUCT_NAME = "$(TARGET_NAME)";
				SWIFT_VERSION = 5.0;
				TARGETED_DEVICE_FAMILY = "1,2";
				TEST_TARGET_NAME = UAFRoadNode;
			};
			name = Debug;
		};
		B5C7475223F2897E00B16C2B /* Release */ = {
			isa = XCBuildConfiguration;
			buildSettings = {
				ALWAYS_EMBED_SWIFT_STANDARD_LIBRARIES = YES;
				CODE_SIGN_STYLE = Automatic;
				DEVELOPMENT_TEAM = 87H9X2M3TR;
				INFOPLIST_FILE = UAFRoadNodeUITests/Info.plist;
				LD_RUNPATH_SEARCH_PATHS = (
					"$(inherited)",
					"@executable_path/Frameworks",
					"@loader_path/Frameworks",
				);
				PRODUCT_BUNDLE_IDENTIFIER = UAFRoadNode.UAFRoadNodeUITests;
				PRODUCT_NAME = "$(TARGET_NAME)";
				SWIFT_VERSION = 5.0;
				TARGETED_DEVICE_FAMILY = "1,2";
				TEST_TARGET_NAME = UAFRoadNode;
			};
			name = Release;
		};
/* End XCBuildConfiguration section */

/* Begin XCConfigurationList section */
		B5C7471D23F2897D00B16C2B /* Build configuration list for PBXProject "UAFRoadNode" */ = {
			isa = XCConfigurationList;
			buildConfigurations = (
				B5C7474823F2897E00B16C2B /* Debug */,
				B5C7474923F2897E00B16C2B /* Release */,
			);
			defaultConfigurationIsVisible = 0;
			defaultConfigurationName = Release;
		};
		B5C7474A23F2897E00B16C2B /* Build configuration list for PBXNativeTarget "UAFRoadNode" */ = {
			isa = XCConfigurationList;
			buildConfigurations = (
				B5C7474B23F2897E00B16C2B /* Debug */,
				B5C7474C23F2897E00B16C2B /* Release */,
			);
			defaultConfigurationIsVisible = 0;
			defaultConfigurationName = Release;
		};
		B5C7474D23F2897E00B16C2B /* Build configuration list for PBXNativeTarget "UAFRoadNodeTests" */ = {
			isa = XCConfigurationList;
			buildConfigurations = (
				B5C7474E23F2897E00B16C2B /* Debug */,
				B5C7474F23F2897E00B16C2B /* Release */,
			);
			defaultConfigurationIsVisible = 0;
			defaultConfigurationName = Release;
		};
		B5C7475023F2897E00B16C2B /* Build configuration list for PBXNativeTarget "UAFRoadNodeUITests" */ = {
			isa = XCConfigurationList;
			buildConfigurations = (
				B5C7475123F2897E00B16C2B /* Debug */,
				B5C7475223F2897E00B16C2B /* Release */,
			);
			defaultConfigurationIsVisible = 0;
			defaultConfigurationName = Release;
		};
/* End XCConfigurationList section */
	};
	rootObject = B5C7471A23F2897D00B16C2B /* Project object */;
}
